// !$*UTF8*$!
{
	archiveVersion = 1;
	classes = {
	};
	objectVersion = 46;
	objects = {

/* Begin PBXBuildFile section */
		188345911ACC95230036BC0B /* CoreDataHelper.swift in Sources */ = {isa = PBXBuildFile; fileRef = 188345901ACC95230036BC0B /* CoreDataHelper.swift */; };
		188345921ACC95230036BC0B /* CoreDataHelper.swift in Sources */ = {isa = PBXBuildFile; fileRef = 188345901ACC95230036BC0B /* CoreDataHelper.swift */; };
		18B9CD4B1ACB863D00A0586A /* AppDelegate.swift in Sources */ = {isa = PBXBuildFile; fileRef = 18B9CD4A1ACB863D00A0586A /* AppDelegate.swift */; };
		18B9CD4D1ACB863D00A0586A /* ViewController.swift in Sources */ = {isa = PBXBuildFile; fileRef = 18B9CD4C1ACB863D00A0586A /* ViewController.swift */; };
		18B9CD501ACB863D00A0586A /* Main.storyboard in Resources */ = {isa = PBXBuildFile; fileRef = 18B9CD4E1ACB863D00A0586A /* Main.storyboard */; };
		18B9CD521ACB863D00A0586A /* Images.xcassets in Resources */ = {isa = PBXBuildFile; fileRef = 18B9CD511ACB863D00A0586A /* Images.xcassets */; };
		18B9CD551ACB863D00A0586A /* LaunchScreen.xib in Resources */ = {isa = PBXBuildFile; fileRef = 18B9CD531ACB863D00A0586A /* LaunchScreen.xib */; };
		18B9CD611ACB863D00A0586A /* ChecklistJuniorTests.swift in Sources */ = {isa = PBXBuildFile; fileRef = 18B9CD601ACB863D00A0586A /* ChecklistJuniorTests.swift */; };
		18B9CD6B1ACB8A3B00A0586A /* ListDataSource.swift in Sources */ = {isa = PBXBuildFile; fileRef = 18B9CD6A1ACB8A3B00A0586A /* ListDataSource.swift */; };
/* End PBXBuildFile section */

/* Begin PBXContainerItemProxy section */
		18B9CD5B1ACB863D00A0586A /* PBXContainerItemProxy */ = {
			isa = PBXContainerItemProxy;
			containerPortal = 18B9CD3D1ACB863D00A0586A /* Project object */;
			proxyType = 1;
			remoteGlobalIDString = 18B9CD441ACB863D00A0586A;
			remoteInfo = ChecklistJunior;
		};
/* End PBXContainerItemProxy section */

/* Begin PBXFileReference section */
		188345901ACC95230036BC0B /* CoreDataHelper.swift */ = {isa = PBXFileReference; fileEncoding = 4; lastKnownFileType = sourcecode.swift; path = CoreDataHelper.swift; sourceTree = "<group>"; };
		18B9CD451ACB863D00A0586A /* ChecklistJunior.app */ = {isa = PBXFileReference; explicitFileType = wrapper.application; includeInIndex = 0; path = ChecklistJunior.app; sourceTree = BUILT_PRODUCTS_DIR; };
		18B9CD491ACB863D00A0586A /* Info.plist */ = {isa = PBXFileReference; lastKnownFileType = text.plist.xml; path = Info.plist; sourceTree = "<group>"; };
		18B9CD4A1ACB863D00A0586A /* AppDelegate.swift */ = {isa = PBXFileReference; lastKnownFileType = sourcecode.swift; path = AppDelegate.swift; sourceTree = "<group>"; };
		18B9CD4C1ACB863D00A0586A /* ViewController.swift */ = {isa = PBXFileReference; lastKnownFileType = sourcecode.swift; path = ViewController.swift; sourceTree = "<group>"; };
		18B9CD4F1ACB863D00A0586A /* Base */ = {isa = PBXFileReference; lastKnownFileType = file.storyboard; name = Base; path = Base.lproj/Main.storyboard; sourceTree = "<group>"; };
		18B9CD511ACB863D00A0586A /* Images.xcassets */ = {isa = PBXFileReference; lastKnownFileType = folder.assetcatalog; path = Images.xcassets; sourceTree = "<group>"; };
		18B9CD541ACB863D00A0586A /* Base */ = {isa = PBXFileReference; lastKnownFileType = file.xib; name = Base; path = Base.lproj/LaunchScreen.xib; sourceTree = "<group>"; };
		18B9CD5A1ACB863D00A0586A /* ChecklistJuniorTests.xctest */ = {isa = PBXFileReference; explicitFileType = wrapper.cfbundle; includeInIndex = 0; path = ChecklistJuniorTests.xctest; sourceTree = BUILT_PRODUCTS_DIR; };
		18B9CD5F1ACB863D00A0586A /* Info.plist */ = {isa = PBXFileReference; lastKnownFileType = text.plist.xml; path = Info.plist; sourceTree = "<group>"; };
		18B9CD601ACB863D00A0586A /* ChecklistJuniorTests.swift */ = {isa = PBXFileReference; lastKnownFileType = sourcecode.swift; path = ChecklistJuniorTests.swift; sourceTree = "<group>"; };
		18B9CD6A1ACB8A3B00A0586A /* ListDataSource.swift */ = {isa = PBXFileReference; fileEncoding = 4; lastKnownFileType = sourcecode.swift; path = ListDataSource.swift; sourceTree = "<group>"; };
/* End PBXFileReference section */

/* Begin PBXFrameworksBuildPhase section */
		18B9CD421ACB863D00A0586A /* Frameworks */ = {
			isa = PBXFrameworksBuildPhase;
			buildActionMask = 2147483647;
			files = (
			);
			runOnlyForDeploymentPostprocessing = 0;
		};
		18B9CD571ACB863D00A0586A /* Frameworks */ = {
			isa = PBXFrameworksBuildPhase;
			buildActionMask = 2147483647;
			files = (
			);
			runOnlyForDeploymentPostprocessing = 0;
		};
/* End PBXFrameworksBuildPhase section */

/* Begin PBXGroup section */
		18B9CD3C1ACB863D00A0586A = {
			isa = PBXGroup;
			children = (
				18B9CD471ACB863D00A0586A /* ChecklistJunior */,
				18B9CD5D1ACB863D00A0586A /* ChecklistJuniorTests */,
				18B9CD461ACB863D00A0586A /* Products */,
			);
			sourceTree = "<group>";
		};
		18B9CD461ACB863D00A0586A /* Products */ = {
			isa = PBXGroup;
			children = (
				18B9CD451ACB863D00A0586A /* ChecklistJunior.app */,
				18B9CD5A1ACB863D00A0586A /* ChecklistJuniorTests.xctest */,
			);
			name = Products;
			sourceTree = "<group>";
		};
		18B9CD471ACB863D00A0586A /* ChecklistJunior */ = {
			isa = PBXGroup;
			children = (
				18B9CD4A1ACB863D00A0586A /* AppDelegate.swift */,
				18B9CD4C1ACB863D00A0586A /* ViewController.swift */,
				18B9CD6A1ACB8A3B00A0586A /* ListDataSource.swift */,
				188345901ACC95230036BC0B /* CoreDataHelper.swift */,
				18B9CD4E1ACB863D00A0586A /* Main.storyboard */,
				18B9CD511ACB863D00A0586A /* Images.xcassets */,
				18B9CD531ACB863D00A0586A /* LaunchScreen.xib */,
				18B9CD481ACB863D00A0586A /* Supporting Files */,
			);
			path = ChecklistJunior;
			sourceTree = "<group>";
		};
		18B9CD481ACB863D00A0586A /* Supporting Files */ = {
			isa = PBXGroup;
			children = (
				18B9CD491ACB863D00A0586A /* Info.plist */,
			);
			name = "Supporting Files";
			sourceTree = "<group>";
		};
		18B9CD5D1ACB863D00A0586A /* ChecklistJuniorTests */ = {
			isa = PBXGroup;
			children = (
				18B9CD601ACB863D00A0586A /* ChecklistJuniorTests.swift */,
				18B9CD5E1ACB863D00A0586A /* Supporting Files */,
			);
			path = ChecklistJuniorTests;
			sourceTree = "<group>";
		};
		18B9CD5E1ACB863D00A0586A /* Supporting Files */ = {
			isa = PBXGroup;
			children = (
				18B9CD5F1ACB863D00A0586A /* Info.plist */,
			);
			name = "Supporting Files";
			sourceTree = "<group>";
		};
/* End PBXGroup section */

/* Begin PBXNativeTarget section */
		18B9CD441ACB863D00A0586A /* ChecklistJunior */ = {
			isa = PBXNativeTarget;
			buildConfigurationList = 18B9CD641ACB863D00A0586A /* Build configuration list for PBXNativeTarget "ChecklistJunior" */;
			buildPhases = (
				18B9CD411ACB863D00A0586A /* Sources */,
				18B9CD421ACB863D00A0586A /* Frameworks */,
				18B9CD431ACB863D00A0586A /* Resources */,
			);
			buildRules = (
			);
			dependencies = (
			);
			name = ChecklistJunior;
			productName = ChecklistJunior;
			productReference = 18B9CD451ACB863D00A0586A /* ChecklistJunior.app */;
			productType = "com.apple.product-type.application";
		};
		18B9CD591ACB863D00A0586A /* ChecklistJuniorTests */ = {
			isa = PBXNativeTarget;
			buildConfigurationList = 18B9CD671ACB863D00A0586A /* Build configuration list for PBXNativeTarget "ChecklistJuniorTests" */;
			buildPhases = (
				18B9CD561ACB863D00A0586A /* Sources */,
				18B9CD571ACB863D00A0586A /* Frameworks */,
				18B9CD581ACB863D00A0586A /* Resources */,
			);
			buildRules = (
			);
			dependencies = (
				18B9CD5C1ACB863D00A0586A /* PBXTargetDependency */,
			);
			name = ChecklistJuniorTests;
			productName = ChecklistJuniorTests;
			productReference = 18B9CD5A1ACB863D00A0586A /* ChecklistJuniorTests.xctest */;
			productType = "com.apple.product-type.bundle.unit-test";
		};
/* End PBXNativeTarget section */

/* Begin PBXProject section */
		18B9CD3D1ACB863D00A0586A /* Project object */ = {
			isa = PBXProject;
			attributes = {
				LastUpgradeCheck = 0630;
				ORGANIZATIONNAME = com.mcmxcix;
				TargetAttributes = {
					18B9CD441ACB863D00A0586A = {
						CreatedOnToolsVersion = 6.3;
					};
					18B9CD591ACB863D00A0586A = {
						CreatedOnToolsVersion = 6.3;
						TestTargetID = 18B9CD441ACB863D00A0586A;
					};
				};
			};
			buildConfigurationList = 18B9CD401ACB863D00A0586A /* Build configuration list for PBXProject "ChecklistJunior" */;
			compatibilityVersion = "Xcode 3.2";
			developmentRegion = English;
			hasScannedForEncodings = 0;
			knownRegions = (
				en,
				Base,
			);
			mainGroup = 18B9CD3C1ACB863D00A0586A;
			productRefGroup = 18B9CD461ACB863D00A0586A /* Products */;
			projectDirPath = "";
			projectRoot = "";
			targets = (
				18B9CD441ACB863D00A0586A /* ChecklistJunior */,
				18B9CD591ACB863D00A0586A /* ChecklistJuniorTests */,
			);
		};
/* End PBXProject section */

/* Begin PBXResourcesBuildPhase section */
		18B9CD431ACB863D00A0586A /* Resources */ = {
			isa = PBXResourcesBuildPhase;
			buildActionMask = 2147483647;
			files = (
				18B9CD501ACB863D00A0586A /* Main.storyboard in Resources */,
				18B9CD551ACB863D00A0586A /* LaunchScreen.xib in Resources */,
				18B9CD521ACB863D00A0586A /* Images.xcassets in Resources */,
			);
			runOnlyForDeploymentPostprocessing = 0;
		};
		18B9CD581ACB863D00A0586A /* Resources */ = {
			isa = PBXResourcesBuildPhase;
			buildActionMask = 2147483647;
			files = (
			);
			runOnlyForDeploymentPostprocessing = 0;
		};
/* End PBXResourcesBuildPhase section */

/* Begin PBXSourcesBuildPhase section */
		18B9CD411ACB863D00A0586A /* Sources */ = {
			isa = PBXSourcesBuildPhase;
			buildActionMask = 2147483647;
			files = (
				18B9CD6B1ACB8A3B00A0586A /* ListDataSource.swift in Sources */,
				18B9CD4D1ACB863D00A0586A /* ViewController.swift in Sources */,
				188345911ACC95230036BC0B /* CoreDataHelper.swift in Sources */,
				18B9CD4B1ACB863D00A0586A /* AppDelegate.swift in Sources */,
			);
			runOnlyForDeploymentPostprocessing = 0;
		};
		18B9CD561ACB863D00A0586A /* Sources */ = {
			isa = PBXSourcesBuildPhase;
			buildActionMask = 2147483647;
			files = (
				188345921ACC95230036BC0B /* CoreDataHelper.swift in Sources */,
				18B9CD611ACB863D00A0586A /* ChecklistJuniorTests.swift in Sources */,
			);
			runOnlyForDeploymentPostprocessing = 0;
		};
/* End PBXSourcesBuildPhase section */

/* Begin PBXTargetDependency section */
		18B9CD5C1ACB863D00A0586A /* PBXTargetDependency */ = {
			isa = PBXTargetDependency;
			target = 18B9CD441ACB863D00A0586A /* ChecklistJunior */;
			targetProxy = 18B9CD5B1ACB863D00A0586A /* PBXContainerItemProxy */;
		};
/* End PBXTargetDependency section */

/* Begin PBXVariantGroup section */
		18B9CD4E1ACB863D00A0586A /* Main.storyboard */ = {
			isa = PBXVariantGroup;
			children = (
				18B9CD4F1ACB863D00A0586A /* Base */,
			);
			name = Main.storyboard;
			sourceTree = "<group>";
		};
		18B9CD531ACB863D00A0586A /* LaunchScreen.xib */ = {
			isa = PBXVariantGroup;
			children = (
				18B9CD541ACB863D00A0586A /* Base */,
			);
			name = LaunchScreen.xib;
			sourceTree = "<group>";
		};
/* End PBXVariantGroup section */

/* Begin XCBuildConfiguration section */
		18B9CD621ACB863D00A0586A /* Debug */ = {
			isa = XCBuildConfiguration;
			buildSettings = {
				ALWAYS_SEARCH_USER_PATHS = NO;
				CLANG_CXX_LANGUAGE_STANDARD = "gnu++0x";
				CLANG_CXX_LIBRARY = "libc++";
				CLANG_ENABLE_MODULES = YES;
				CLANG_ENABLE_OBJC_ARC = YES;
				CLANG_WARN_BOOL_CONVERSION = YES;
				CLANG_WARN_CONSTANT_CONVERSION = YES;
				CLANG_WARN_DIRECT_OBJC_ISA_USAGE = YES_ERROR;
				CLANG_WARN_EMPTY_BODY = YES;
				CLANG_WARN_ENUM_CONVERSION = YES;
				CLANG_WARN_INT_CONVERSION = YES;
				CLANG_WARN_OBJC_ROOT_CLASS = YES_ERROR;
				CLANG_WARN_UNREACHABLE_CODE = YES;
				CLANG_WARN__DUPLICATE_METHOD_MATCH = YES;
				"CODE_SIGN_IDENTITY[sdk=iphoneos*]" = "iPhone Developer";
				COPY_PHASE_STRIP = NO;
				DEBUG_INFORMATION_FORMAT = "dwarf-with-dsym";
				ENABLE_STRICT_OBJC_MSGSEND = YES;
				GCC_C_LANGUAGE_STANDARD = gnu99;
				GCC_DYNAMIC_NO_PIC = NO;
				GCC_NO_COMMON_BLOCKS = YES;
				GCC_OPTIMIZATION_LEVEL = 0;
				GCC_PREPROCESSOR_DEFINITIONS = (
					"DEBUG=1",
					"$(inherited)",
				);
				GCC_SYMBOLS_PRIVATE_EXTERN = NO;
				GCC_WARN_64_TO_32_BIT_CONVERSION = YES;
				GCC_WARN_ABOUT_RETURN_TYPE = YES_ERROR;
				GCC_WARN_UNDECLARED_SELECTOR = YES;
				GCC_WARN_UNINITIALIZED_AUTOS = YES_AGGRESSIVE;
				GCC_WARN_UNUSED_FUNCTION = YES;
				GCC_WARN_UNUSED_VARIABLE = YES;
				IPHONEOS_DEPLOYMENT_TARGET = 8.3;
				MTL_ENABLE_DEBUG_INFO = YES;
				ONLY_ACTIVE_ARCH = YES;
				SDKROOT = iphoneos;
				SWIFT_OPTIMIZATION_LEVEL = "-Onone";
				TARGETED_DEVICE_FAMILY = "1,2";
			};
			name = Debug;
		};
		18B9CD631ACB863D00A0586A /* Release */ = {
			isa = XCBuildConfiguration;
			buildSettings = {
				ALWAYS_SEARCH_USER_PATHS = NO;
				CLANG_CXX_LANGUAGE_STANDARD = "gnu++0x";
				CLANG_CXX_LIBRARY = "libc++";
				CLANG_ENABLE_MODULES = YES;
				CLANG_ENABLE_OBJC_ARC = YES;
				CLANG_WARN_BOOL_CONVERSION = YES;
				CLANG_WARN_CONSTANT_CONVERSION = YES;
				CLANG_WARN_DIRECT_OBJC_ISA_USAGE = YES_ERROR;
				CLANG_WARN_EMPTY_BODY = YES;
				CLANG_WARN_ENUM_CONVERSION = YES;
				CLANG_WARN_INT_CONVERSION = YES;
				CLANG_WARN_OBJC_ROOT_CLASS = YES_ERROR;
				CLANG_WARN_UNREACHABLE_CODE = YES;
				CLANG_WARN__DUPLICATE_METHOD_MATCH = YES;
				"CODE_SIGN_IDENTITY[sdk=iphoneos*]" = "iPhone Developer";
				COPY_PHASE_STRIP = NO;
				DEBUG_INFORMATION_FORMAT = "dwarf-with-dsym";
				ENABLE_NS_ASSERTIONS = NO;
				ENABLE_STRICT_OBJC_MSGSEND = YES;
				GCC_C_LANGUAGE_STANDARD = gnu99;
				GCC_NO_COMMON_BLOCKS = YES;
				GCC_WARN_64_TO_32_BIT_CONVERSION = YES;
				GCC_WARN_ABOUT_RETURN_TYPE = YES_ERROR;
				GCC_WARN_UNDECLARED_SELECTOR = YES;
				GCC_WARN_UNINITIALIZED_AUTOS = YES_AGGRESSIVE;
				GCC_WARN_UNUSED_FUNCTION = YES;
				GCC_WARN_UNUSED_VARIABLE = YES;
				IPHONEOS_DEPLOYMENT_TARGET = 8.3;
				MTL_ENABLE_DEBUG_INFO = NO;
				SDKROOT = iphoneos;
				TARGETED_DEVICE_FAMILY = "1,2";
				VALIDATE_PRODUCT = YES;
			};
			name = Release;
		};
		18B9CD651ACB863D00A0586A /* Debug */ = {
			isa = XCBuildConfiguration;
			buildSettings = {
				ASSETCATALOG_COMPILER_APPICON_NAME = AppIcon;
				INFOPLIST_FILE = ChecklistJunior/Info.plist;
				LD_RUNPATH_SEARCH_PATHS = "$(inherited) @executable_path/Frameworks";
				PRODUCT_NAME = "$(TARGET_NAME)";
			};
			name = Debug;
		};
		18B9CD661ACB863D00A0586A /* Release */ = {
			isa = XCBuildConfiguration;
			buildSettings = {
				ASSETCATALOG_COMPILER_APPICON_NAME = AppIcon;
				INFOPLIST_FILE = ChecklistJunior/Info.plist;
				LD_RUNPATH_SEARCH_PATHS = "$(inherited) @executable_path/Frameworks";
				PRODUCT_NAME = "$(TARGET_NAME)";
			};
			name = Release;
		};
		18B9CD681ACB863D00A0586A /* Debug */ = {
			isa = XCBuildConfiguration;
			buildSettings = {
				BUNDLE_LOADER = "$(TEST_HOST)";
				FRAMEWORK_SEARCH_PATHS = (
					"$(SDKROOT)/Developer/Library/Frameworks",
					"$(inherited)",
				);
				GCC_PREPROCESSOR_DEFINITIONS = (
					"DEBUG=1",
					"$(inherited)",
				);
				INFOPLIST_FILE = ChecklistJuniorTests/Info.plist;
				LD_RUNPATH_SEARCH_PATHS = "$(inherited) @executable_path/Frameworks @loader_path/Frameworks";
				PRODUCT_NAME = "$(TARGET_NAME)";
				TEST_HOST = "$(BUILT_PRODUCTS_DIR)/ChecklistJunior.app/ChecklistJunior";
			};
			name = Debug;
		};
		18B9CD691ACB863D00A0586A /* Release */ = {
			isa = XCBuildConfiguration;
			buildSettings = {
				BUNDLE_LOADER = "$(TEST_HOST)";
				FRAMEWORK_SEARCH_PATHS = (
					"$(SDKROOT)/Developer/Library/Frameworks",
					"$(inherited)",
				);
				INFOPLIST_FILE = ChecklistJuniorTests/Info.plist;
				LD_RUNPATH_SEARCH_PATHS = "$(inherited) @executable_path/Frameworks @loader_path/Frameworks";
				PRODUCT_NAME = "$(TARGET_NAME)";
				TEST_HOST = "$(BUILT_PRODUCTS_DIR)/ChecklistJunior.app/ChecklistJunior";
			};
			name = Release;
		};
/* End XCBuildConfiguration section */

/* Begin XCConfigurationList section */
		18B9CD401ACB863D00A0586A /* Build configuration list for PBXProject "ChecklistJunior" */ = {
			isa = XCConfigurationList;
			buildConfigurations = (
				18B9CD621ACB863D00A0586A /* Debug */,
				18B9CD631ACB863D00A0586A /* Release */,
			);
			defaultConfigurationIsVisible = 0;
			defaultConfigurationName = Release;
		};
		18B9CD641ACB863D00A0586A /* Build configuration list for PBXNativeTarget "ChecklistJunior" */ = {
			isa = XCConfigurationList;
			buildConfigurations = (
				18B9CD651ACB863D00A0586A /* Debug */,
				18B9CD661ACB863D00A0586A /* Release */,
			);
			defaultConfigurationIsVisible = 0;
			defaultConfigurationName = Release;
		};
		18B9CD671ACB863D00A0586A /* Build configuration list for PBXNativeTarget "ChecklistJuniorTests" */ = {
			isa = XCConfigurationList;
			buildConfigurations = (
				18B9CD681ACB863D00A0586A /* Debug */,
				18B9CD691ACB863D00A0586A /* Release */,
			);
			defaultConfigurationIsVisible = 0;
			defaultConfigurationName = Release;
		};
/* End XCConfigurationList section */
	};
	rootObject = 18B9CD3D1ACB863D00A0586A /* Project object */;
}
